
Microsoft Visual Studio Solution File, Format Version 12.00
# Visual Studio Version 16
VisualStudioVersion = 16.0.29102.190
MinimumVisualStudioVersion = 10.0.40219.1
Project("{FAE04EC0-301F-11D3-BF4B-00C04F79EFBC}") = "Restaurante.APP.Android", "Restaurante.APP\Restaurante.APP.Android\Restaurante.APP.Android.csproj", "{3CF1B8B6-2CA2-48F3-9CE9-2981CBB728A1}"
EndProject
Project("{FAE04EC0-301F-11D3-BF4B-00C04F79EFBC}") = "Restaurante.APP.iOS", "Restaurante.APP\Restaurante.APP.iOS\Restaurante.APP.iOS.csproj", "{84033DDE-36BF-4CBB-A7ED-65ABC0A27C6C}"
EndProject
Project("{FAE04EC0-301F-11D3-BF4B-00C04F79EFBC}") = "Restaurante.APP", "Restaurante.APP\Restaurante.APP\Restaurante.APP.csproj", "{C46866D3-D4C4-4A1D-9F2A-C3F12723D7E6}"
EndProject
Global
	GlobalSection(SolutionConfigurationPlatforms) = preSolution
		Debug|Any CPU = Debug|Any CPU
		Debug|iPhone = Debug|iPhone
		Debug|iPhoneSimulator = Debug|iPhoneSimulator
		Release|Any CPU = Release|Any CPU
		Release|iPhone = Release|iPhone
		Release|iPhoneSimulator = Release|iPhoneSimulator
	EndGlobalSection
	GlobalSection(ProjectConfigurationPlatforms) = postSolution
		{3CF1B8B6-2CA2-48F3-9CE9-2981CBB728A1}.Debug|Any CPU.ActiveCfg = Debug|Any CPU
		{3CF1B8B6-2CA2-48F3-9CE9-2981CBB728A1}.Debug|Any CPU.Build.0 = Debug|Any CPU
		{3CF1B8B6-2CA2-48F3-9CE9-2981CBB728A1}.Debug|Any CPU.Deploy.0 = Debug|Any CPU
		{3CF1B8B6-2CA2-48F3-9CE9-2981CBB728A1}.Debug|iPhone.ActiveCfg = Debug|Any CPU
		{3CF1B8B6-2CA2-48F3-9CE9-2981CBB728A1}.Debug|iPhone.Build.0 = Debug|Any CPU
		{3CF1B8B6-2CA2-48F3-9CE9-2981CBB728A1}.Debug|iPhone.Deploy.0 = Debug|Any CPU
		{3CF1B8B6-2CA2-48F3-9CE9-2981CBB728A1}.Debug|iPhoneSimulator.ActiveCfg = Debug|Any CPU
		{3CF1B8B6-2CA2-48F3-9CE9-2981CBB728A1}.Debug|iPhoneSimulator.Build.0 = Debug|Any CPU
		{3CF1B8B6-2CA2-48F3-9CE9-2981CBB728A1}.Debug|iPhoneSimulator.Deploy.0 = Debug|Any CPU
		{3CF1B8B6-2CA2-48F3-9CE9-2981CBB728A1}.Release|Any CPU.ActiveCfg = Release|Any CPU
		{3CF1B8B6-2CA2-48F3-9CE9-2981CBB728A1}.Release|Any CPU.Build.0 = Release|Any CPU
		{3CF1B8B6-2CA2-48F3-9CE9-2981CBB728A1}.Release|Any CPU.Deploy.0 = Release|Any CPU
		{3CF1B8B6-2CA2-48F3-9CE9-2981CBB728A1}.Release|iPhone.ActiveCfg = Release|Any CPU
		{3CF1B8B6-2CA2-48F3-9CE9-2981CBB728A1}.Release|iPhone.Build.0 = Release|Any CPU
		{3CF1B8B6-2CA2-48F3-9CE9-2981CBB728A1}.Release|iPhone.Deploy.0 = Release|Any CPU
		{3CF1B8B6-2CA2-48F3-9CE9-2981CBB728A1}.Release|iPhoneSimulator.ActiveCfg = Release|Any CPU
		{3CF1B8B6-2CA2-48F3-9CE9-2981CBB728A1}.Release|iPhoneSimulator.Build.0 = Release|Any CPU
		{3CF1B8B6-2CA2-48F3-9CE9-2981CBB728A1}.Release|iPhoneSimulator.Deploy.0 = Release|Any CPU
		{84033DDE-36BF-4CBB-A7ED-65ABC0A27C6C}.Debug|Any CPU.ActiveCfg = Debug|iPhoneSimulator
		{84033DDE-36BF-4CBB-A7ED-65ABC0A27C6C}.Debug|Any CPU.Build.0 = Debug|iPhoneSimulator
		{84033DDE-36BF-4CBB-A7ED-65ABC0A27C6C}.Debug|Any CPU.Deploy.0 = Debug|iPhoneSimulator
		{84033DDE-36BF-4CBB-A7ED-65ABC0A27C6C}.Debug|iPhone.ActiveCfg = Debug|iPhone
		{84033DDE-36BF-4CBB-A7ED-65ABC0A27C6C}.Debug|iPhone.Build.0 = Debug|iPhone
		{84033DDE-36BF-4CBB-A7ED-65ABC0A27C6C}.Debug|iPhone.Deploy.0 = Debug|iPhone
		{84033DDE-36BF-4CBB-A7ED-65ABC0A27C6C}.Debug|iPhoneSimulator.ActiveCfg = Debug|iPhoneSimulator
		{84033DDE-36BF-4CBB-A7ED-65ABC0A27C6C}.Debug|iPhoneSimulator.Build.0 = Debug|iPhoneSimulator
		{84033DDE-36BF-4CBB-A7ED-65ABC0A27C6C}.Debug|iPhoneSimulator.Deploy.0 = Debug|iPhoneSimulator
		{84033DDE-36BF-4CBB-A7ED-65ABC0A27C6C}.Release|Any CPU.ActiveCfg = Release|iPhone
		{84033DDE-36BF-4CBB-A7ED-65ABC0A27C6C}.Release|Any CPU.Build.0 = Release|iPhone
		{84033DDE-36BF-4CBB-A7ED-65ABC0A27C6C}.Release|Any CPU.Deploy.0 = Release|iPhone
		{84033DDE-36BF-4CBB-A7ED-65ABC0A27C6C}.Release|iPhone.ActiveCfg = Release|iPhone
		{84033DDE-36BF-4CBB-A7ED-65ABC0A27C6C}.Release|iPhone.Build.0 = Release|iPhone
		{84033DDE-36BF-4CBB-A7ED-65ABC0A27C6C}.Release|iPhone.Deploy.0 = Release|iPhone
		{84033DDE-36BF-4CBB-A7ED-65ABC0A27C6C}.Release|iPhoneSimulator.ActiveCfg = Release|iPhoneSimulator
		{84033DDE-36BF-4CBB-A7ED-65ABC0A27C6C}.Release|iPhoneSimulator.Build.0 = Release|iPhoneSimulator
		{84033DDE-36BF-4CBB-A7ED-65ABC0A27C6C}.Release|iPhoneSimulator.Deploy.0 = Release|iPhoneSimulator
		{C46866D3-D4C4-4A1D-9F2A-C3F12723D7E6}.Debug|Any CPU.ActiveCfg = Debug|Any CPU
		{C46866D3-D4C4-4A1D-9F2A-C3F12723D7E6}.Debug|Any CPU.Build.0 = Debug|Any CPU
		{C46866D3-D4C4-4A1D-9F2A-C3F12723D7E6}.Debug|Any CPU.Deploy.0 = Debug|Any CPU
		{C46866D3-D4C4-4A1D-9F2A-C3F12723D7E6}.Debug|iPhone.ActiveCfg = Debug|Any CPU
		{C46866D3-D4C4-4A1D-9F2A-C3F12723D7E6}.Debug|iPhone.Build.0 = Debug|Any CPU
		{C46866D3-D4C4-4A1D-9F2A-C3F12723D7E6}.Debug|iPhone.Deploy.0 = Debug|Any CPU
		{C46866D3-D4C4-4A1D-9F2A-C3F12723D7E6}.Debug|iPhoneSimulator.ActiveCfg = Debug|Any CPU
		{C46866D3-D4C4-4A1D-9F2A-C3F12723D7E6}.Debug|iPhoneSimulator.Build.0 = Debug|Any CPU
		{C46866D3-D4C4-4A1D-9F2A-C3F12723D7E6}.Debug|iPhoneSimulator.Deploy.0 = Debug|Any CPU
		{C46866D3-D4C4-4A1D-9F2A-C3F12723D7E6}.Release|Any CPU.ActiveCfg = Release|Any CPU
		{C46866D3-D4C4-4A1D-9F2A-C3F12723D7E6}.Release|Any CPU.Build.0 = Release|Any CPU
		{C46866D3-D4C4-4A1D-9F2A-C3F12723D7E6}.Release|Any CPU.Deploy.0 = Release|Any CPU
		{C46866D3-D4C4-4A1D-9F2A-C3F12723D7E6}.Release|iPhone.ActiveCfg = Release|Any CPU
		{C46866D3-D4C4-4A1D-9F2A-C3F12723D7E6}.Release|iPhone.Build.0 = Release|Any CPU
		{C46866D3-D4C4-4A1D-9F2A-C3F12723D7E6}.Release|iPhone.Deploy.0 = Release|Any CPU
		{C46866D3-D4C4-4A1D-9F2A-C3F12723D7E6}.Release|iPhoneSimulator.ActiveCfg = Release|Any CPU
		{C46866D3-D4C4-4A1D-9F2A-C3F12723D7E6}.Release|iPhoneSimulator.Build.0 = Release|Any CPU
		{C46866D3-D4C4-4A1D-9F2A-C3F12723D7E6}.Release|iPhoneSimulator.Deploy.0 = Release|Any CPU
	EndGlobalSection
	GlobalSection(SolutionProperties) = preSolution
		HideSolutionNode = FALSE
	EndGlobalSection
	GlobalSection(ExtensibilityGlobals) = postSolution
		SolutionGuid = {A507C004-49AD-4084-B76D-4EE8A34B8405}
	EndGlobalSection
EndGlobal
